
Microsoft Visual Studio Solution File, Format Version 12.00
# Visual Studio Version 17
VisualStudioVersion = 17.4.33205.214
MinimumVisualStudioVersion = 10.0.40219.1
Project("{FAE04EC0-301F-11D3-BF4B-00C04F79EFBC}") = "operator_pereklycheniya", "operator_pereklycheniya\operator_pereklycheniya.csproj", "{080E0874-3E1E-4D6C-9AED-B6E401D384FC}"
EndProject
Global
	GlobalSection(SolutionConfigurationPlatforms) = preSolution
		Debug|Any CPU = Debug|Any CPU
		Release|Any CPU = Release|Any CPU
	EndGlobalSection
	GlobalSection(ProjectConfigurationPlatforms) = postSolution
		{080E0874-3E1E-4D6C-9AED-B6E401D384FC}.Debug|Any CPU.ActiveCfg = Debug|Any CPU
		{080E0874-3E1E-4D6C-9AED-B6E401D384FC}.Debug|Any CPU.Build.0 = Debug|Any CPU
		{080E0874-3E1E-4D6C-9AED-B6E401D384FC}.Release|Any CPU.ActiveCfg = Release|Any CPU
		{080E0874-3E1E-4D6C-9AED-B6E401D384FC}.Release|Any CPU.Build.0 = Release|Any CPU
	EndGlobalSection
	GlobalSection(SolutionProperties) = preSolution
		HideSolutionNode = FALSE
	EndGlobalSection
	GlobalSection(ExtensibilityGlobals) = postSolution
		SolutionGuid = {90EA621E-F111-4FC1-9134-522512C8EAB1}
	EndGlobalSection
EndGlobal
